
Microsoft Visual Studio Solution File, Format Version 12.00
# Visual Studio Version 17
VisualStudioVersion = 17.13.35919.96
MinimumVisualStudioVersion = 10.0.40219.1
Project("{FAE04EC0-301F-11D3-BF4B-00C04F79EFBC}") = "zd3_voroshilov_a", "zd3_voroshilov_a\zd3_voroshilov_a.csproj", "{129B6515-F2AC-4F19-AF41-82E1C59A6DCC}"
EndProject
Project("{FAE04EC0-301F-11D3-BF4B-00C04F79EFBC}") = "OperatorTests", "OperatorTests\OperatorTests.csproj", "{5D358C04-2A76-4B03-B2A0-E2113BFC57E2}"
EndProject
Global
	GlobalSection(SolutionConfigurationPlatforms) = preSolution
		Debug|Any CPU = Debug|Any CPU
		Release|Any CPU = Release|Any CPU
	EndGlobalSection
	GlobalSection(ProjectConfigurationPlatforms) = postSolution
		{129B6515-F2AC-4F19-AF41-82E1C59A6DCC}.Debug|Any CPU.ActiveCfg = Debug|Any CPU
		{129B6515-F2AC-4F19-AF41-82E1C59A6DCC}.Debug|Any CPU.Build.0 = Debug|Any CPU
		{129B6515-F2AC-4F19-AF41-82E1C59A6DCC}.Release|Any CPU.ActiveCfg = Release|Any CPU
		{129B6515-F2AC-4F19-AF41-82E1C59A6DCC}.Release|Any CPU.Build.0 = Release|Any CPU
		{5D358C04-2A76-4B03-B2A0-E2113BFC57E2}.Debug|Any CPU.ActiveCfg = Debug|Any CPU
		{5D358C04-2A76-4B03-B2A0-E2113BFC57E2}.Debug|Any CPU.Build.0 = Debug|Any CPU
		{5D358C04-2A76-4B03-B2A0-E2113BFC57E2}.Release|Any CPU.ActiveCfg = Release|Any CPU
		{5D358C04-2A76-4B03-B2A0-E2113BFC57E2}.Release|Any CPU.Build.0 = Release|Any CPU
	EndGlobalSection
	GlobalSection(SolutionProperties) = preSolution
		HideSolutionNode = FALSE
	EndGlobalSection
	GlobalSection(ExtensibilityGlobals) = postSolution
		SolutionGuid = {84D661AA-9346-4561-94B4-67661415EF6D}
	EndGlobalSection
EndGlobal
